// !$*UTF8*$!
{
	archiveVersion = 1;
	classes = {
	};
	objectVersion = 56;
	objects = {

/* Begin PBXBuildFile section */
		D12B054C2ACD8FD600182EA3 /* AppDelegate.swift in Sources */ = {isa = PBXBuildFile; fileRef = D12B054B2ACD8FD600182EA3 /* AppDelegate.swift */; };
		D12B054E2ACD8FD600182EA3 /* SceneDelegate.swift in Sources */ = {isa = PBXBuildFile; fileRef = D12B054D2ACD8FD600182EA3 /* SceneDelegate.swift */; };
		D12B05532ACD8FD600182EA3 /* Main.storyboard in Resources */ = {isa = PBXBuildFile; fileRef = D12B05512ACD8FD600182EA3 /* Main.storyboard */; };
		D12B05552ACD8FD700182EA3 /* Assets.xcassets in Resources */ = {isa = PBXBuildFile; fileRef = D12B05542ACD8FD700182EA3 /* Assets.xcassets */; };
		D12B05582ACD8FD700182EA3 /* LaunchScreen.storyboard in Resources */ = {isa = PBXBuildFile; fileRef = D12B05562ACD8FD700182EA3 /* LaunchScreen.storyboard */; };
		D12B05672ACD93F400182EA3 /* AnimationVC.swift in Sources */ = {isa = PBXBuildFile; fileRef = D12B05662ACD93F400182EA3 /* AnimationVC.swift */; };
		D12B05692ACD995C00182EA3 /* UIButtonExt.swift in Sources */ = {isa = PBXBuildFile; fileRef = D12B05682ACD995C00182EA3 /* UIButtonExt.swift */; };
		E2E9AF4E8D3337BCC33F2A49 /* Pods_AnimationWithCocoaPods.framework in Frameworks */ = {isa = PBXBuildFile; fileRef = 683569D578CDB616F6E0B1CD /* Pods_AnimationWithCocoaPods.framework */; };
/* End PBXBuildFile section */

/* Begin PBXFileReference section */
		118316BEE29C3257BBD58C5D /* Pods-AnimationWithCocoaPods.debug.xcconfig */ = {isa = PBXFileReference; includeInIndex = 1; lastKnownFileType = text.xcconfig; name = "Pods-AnimationWithCocoaPods.debug.xcconfig"; path = "Target Support Files/Pods-AnimationWithCocoaPods/Pods-AnimationWithCocoaPods.debug.xcconfig"; sourceTree = "<group>"; };
		5E2823B0B0FF694DA099EC4E /* Pods-AnimationWithCocoaPods.release.xcconfig */ = {isa = PBXFileReference; includeInIndex = 1; lastKnownFileType = text.xcconfig; name = "Pods-AnimationWithCocoaPods.release.xcconfig"; path = "Target Support Files/Pods-AnimationWithCocoaPods/Pods-AnimationWithCocoaPods.release.xcconfig"; sourceTree = "<group>"; };
		683569D578CDB616F6E0B1CD /* Pods_AnimationWithCocoaPods.framework */ = {isa = PBXFileReference; explicitFileType = wrapper.framework; includeInIndex = 0; path = Pods_AnimationWithCocoaPods.framework; sourceTree = BUILT_PRODUCTS_DIR; };
		D12B05482ACD8FD600182EA3 /* AnimationWithCocoaPods.app */ = {isa = PBXFileReference; explicitFileType = wrapper.application; includeInIndex = 0; path = AnimationWithCocoaPods.app; sourceTree = BUILT_PRODUCTS_DIR; };
		D12B054B2ACD8FD600182EA3 /* AppDelegate.swift */ = {isa = PBXFileReference; lastKnownFileType = sourcecode.swift; path = AppDelegate.swift; sourceTree = "<group>"; };
		D12B054D2ACD8FD600182EA3 /* SceneDelegate.swift */ = {isa = PBXFileReference; lastKnownFileType = sourcecode.swift; path = SceneDelegate.swift; sourceTree = "<group>"; };
		D12B05522ACD8FD600182EA3 /* Base */ = {isa = PBXFileReference; lastKnownFileType = file.storyboard; name = Base; path = Base.lproj/Main.storyboard; sourceTree = "<group>"; };
		D12B05542ACD8FD700182EA3 /* Assets.xcassets */ = {isa = PBXFileReference; lastKnownFileType = folder.assetcatalog; path = Assets.xcassets; sourceTree = "<group>"; };
		D12B05572ACD8FD700182EA3 /* Base */ = {isa = PBXFileReference; lastKnownFileType = file.storyboard; name = Base; path = Base.lproj/LaunchScreen.storyboard; sourceTree = "<group>"; };
		D12B05592ACD8FD700182EA3 /* Info.plist */ = {isa = PBXFileReference; lastKnownFileType = text.plist.xml; path = Info.plist; sourceTree = "<group>"; };
		D12B05662ACD93F400182EA3 /* AnimationVC.swift */ = {isa = PBXFileReference; lastKnownFileType = sourcecode.swift; path = AnimationVC.swift; sourceTree = "<group>"; };
		D12B05682ACD995C00182EA3 /* UIButtonExt.swift */ = {isa = PBXFileReference; lastKnownFileType = sourcecode.swift; path = UIButtonExt.swift; sourceTree = "<group>"; };
/* End PBXFileReference section */

/* Begin PBXFrameworksBuildPhase section */
		D12B05452ACD8FD600182EA3 /* Frameworks */ = {
			isa = PBXFrameworksBuildPhase;
			buildActionMask = 2147483647;
			files = (
				E2E9AF4E8D3337BCC33F2A49 /* Pods_AnimationWithCocoaPods.framework in Frameworks */,
			);
			runOnlyForDeploymentPostprocessing = 0;
		};
/* End PBXFrameworksBuildPhase section */

/* Begin PBXGroup section */
		3B1E97231FFC834630563CD6 /* Pods */ = {
			isa = PBXGroup;
			children = (
				118316BEE29C3257BBD58C5D /* Pods-AnimationWithCocoaPods.debug.xcconfig */,
				5E2823B0B0FF694DA099EC4E /* Pods-AnimationWithCocoaPods.release.xcconfig */,
			);
			name = Pods;
			path = Pods;
			sourceTree = "<group>";
		};
		985FD19E7F4032E801894BC4 /* Frameworks */ = {
			isa = PBXGroup;
			children = (
				683569D578CDB616F6E0B1CD /* Pods_AnimationWithCocoaPods.framework */,
			);
			name = Frameworks;
			sourceTree = "<group>";
		};
		D12B053F2ACD8FD600182EA3 = {
			isa = PBXGroup;
			children = (
				D12B054A2ACD8FD600182EA3 /* AnimationWithCocoaPods */,
				D12B05492ACD8FD600182EA3 /* Products */,
				3B1E97231FFC834630563CD6 /* Pods */,
				985FD19E7F4032E801894BC4 /* Frameworks */,
			);
			sourceTree = "<group>";
		};
		D12B05492ACD8FD600182EA3 /* Products */ = {
			isa = PBXGroup;
			children = (
				D12B05482ACD8FD600182EA3 /* AnimationWithCocoaPods.app */,
			);
			name = Products;
			sourceTree = "<group>";
		};
		D12B054A2ACD8FD600182EA3 /* AnimationWithCocoaPods */ = {
			isa = PBXGroup;
			children = (
				D12B05652ACD937200182EA3 /* Extensions */,
				D12B05642ACD936C00182EA3 /* Models */,
				D12B05602ACD904100182EA3 /* Views */,
				D12B05632ACD935200182EA3 /* Controllers */,
				D12B05612ACD92FC00182EA3 /* Assets */,
				D12B055F2ACD902500182EA3 /* Delegate */,
				D12B05592ACD8FD700182EA3 /* Info.plist */,
			);
			path = AnimationWithCocoaPods;
			sourceTree = "<group>";
		};
		D12B055F2ACD902500182EA3 /* Delegate */ = {
			isa = PBXGroup;
			children = (
				D12B054B2ACD8FD600182EA3 /* AppDelegate.swift */,
				D12B054D2ACD8FD600182EA3 /* SceneDelegate.swift */,
			);
			path = Delegate;
			sourceTree = "<group>";
		};
		D12B05602ACD904100182EA3 /* Views */ = {
			isa = PBXGroup;
			children = (
				D12B05512ACD8FD600182EA3 /* Main.storyboard */,
				D12B05562ACD8FD700182EA3 /* LaunchScreen.storyboard */,
			);
			path = Views;
			sourceTree = "<group>";
		};
		D12B05612ACD92FC00182EA3 /* Assets */ = {
			isa = PBXGroup;
			children = (
				D12B05542ACD8FD700182EA3 /* Assets.xcassets */,
				D12B05622ACD934600182EA3 /* Animations */,
			);
			path = Assets;
			sourceTree = "<group>";
		};
		D12B05622ACD934600182EA3 /* Animations */ = {
			isa = PBXGroup;
			children = (
			);
			path = Animations;
			sourceTree = "<group>";
		};
		D12B05632ACD935200182EA3 /* Controllers */ = {
			isa = PBXGroup;
			children = (
				D12B05662ACD93F400182EA3 /* AnimationVC.swift */,
			);
			path = Controllers;
			sourceTree = "<group>";
		};
		D12B05642ACD936C00182EA3 /* Models */ = {
			isa = PBXGroup;
			children = (
			);
			path = Models;
			sourceTree = "<group>";
		};
		D12B05652ACD937200182EA3 /* Extensions */ = {
			isa = PBXGroup;
			children = (
				D12B05682ACD995C00182EA3 /* UIButtonExt.swift */,
			);
			path = Extensions;
			sourceTree = "<group>";
		};
/* End PBXGroup section */

/* Begin PBXNativeTarget section */
		D12B05472ACD8FD600182EA3 /* AnimationWithCocoaPods */ = {
			isa = PBXNativeTarget;
			buildConfigurationList = D12B055C2ACD8FD700182EA3 /* Build configuration list for PBXNativeTarget "AnimationWithCocoaPods" */;
			buildPhases = (
				3FC1F5D55D3753DD4BC35397 /* [CP] Check Pods Manifest.lock */,
				D12B05442ACD8FD600182EA3 /* Sources */,
				D12B05452ACD8FD600182EA3 /* Frameworks */,
				D12B05462ACD8FD600182EA3 /* Resources */,
				2AAA92F87A0A340171781D10 /* [CP] Embed Pods Frameworks */,
			);
			buildRules = (
			);
			dependencies = (
			);
			name = AnimationWithCocoaPods;
			productName = AnimationWithCocoaPods;
			productReference = D12B05482ACD8FD600182EA3 /* AnimationWithCocoaPods.app */;
			productType = "com.apple.product-type.application";
		};
/* End PBXNativeTarget section */

/* Begin PBXProject section */
		D12B05402ACD8FD600182EA3 /* Project object */ = {
			isa = PBXProject;
			attributes = {
				BuildIndependentTargetsInParallel = 1;
				LastSwiftUpdateCheck = 1430;
				LastUpgradeCheck = 1430;
				TargetAttributes = {
					D12B05472ACD8FD600182EA3 = {
						CreatedOnToolsVersion = 14.3.1;
					};
				};
			};
			buildConfigurationList = D12B05432ACD8FD600182EA3 /* Build configuration list for PBXProject "AnimationWithCocoaPods" */;
			compatibilityVersion = "Xcode 14.0";
			developmentRegion = en;
			hasScannedForEncodings = 0;
			knownRegions = (
				en,
				Base,
			);
			mainGroup = D12B053F2ACD8FD600182EA3;
			productRefGroup = D12B05492ACD8FD600182EA3 /* Products */;
			projectDirPath = "";
			projectRoot = "";
			targets = (
				D12B05472ACD8FD600182EA3 /* AnimationWithCocoaPods */,
			);
		};
/* End PBXProject section */

/* Begin PBXResourcesBuildPhase section */
		D12B05462ACD8FD600182EA3 /* Resources */ = {
			isa = PBXResourcesBuildPhase;
			buildActionMask = 2147483647;
			files = (
				D12B05582ACD8FD700182EA3 /* LaunchScreen.storyboard in Resources */,
				D12B05552ACD8FD700182EA3 /* Assets.xcassets in Resources */,
				D12B05532ACD8FD600182EA3 /* Main.storyboard in Resources */,
			);
			runOnlyForDeploymentPostprocessing = 0;
		};
/* End PBXResourcesBuildPhase section */

/* Begin PBXShellScriptBuildPhase section */
		2AAA92F87A0A340171781D10 /* [CP] Embed Pods Frameworks */ = {
			isa = PBXShellScriptBuildPhase;
			buildActionMask = 2147483647;
			files = (
			);
			inputFileListPaths = (
				"${PODS_ROOT}/Target Support Files/Pods-AnimationWithCocoaPods/Pods-AnimationWithCocoaPods-frameworks-${CONFIGURATION}-input-files.xcfilelist",
			);
			name = "[CP] Embed Pods Frameworks";
			outputFileListPaths = (
				"${PODS_ROOT}/Target Support Files/Pods-AnimationWithCocoaPods/Pods-AnimationWithCocoaPods-frameworks-${CONFIGURATION}-output-files.xcfilelist",
			);
			runOnlyForDeploymentPostprocessing = 0;
			shellPath = /bin/sh;
			shellScript = "\"${PODS_ROOT}/Target Support Files/Pods-AnimationWithCocoaPods/Pods-AnimationWithCocoaPods-frameworks.sh\"\n";
			showEnvVarsInLog = 0;
		};
		3FC1F5D55D3753DD4BC35397 /* [CP] Check Pods Manifest.lock */ = {
			isa = PBXShellScriptBuildPhase;
			buildActionMask = 2147483647;
			files = (
			);
			inputFileListPaths = (
			);
			inputPaths = (
				"${PODS_PODFILE_DIR_PATH}/Podfile.lock",
				"${PODS_ROOT}/Manifest.lock",
			);
			name = "[CP] Check Pods Manifest.lock";
			outputFileListPaths = (
			);
			outputPaths = (
				"$(DERIVED_FILE_DIR)/Pods-AnimationWithCocoaPods-checkManifestLockResult.txt",
			);
			runOnlyForDeploymentPostprocessing = 0;
			shellPath = /bin/sh;
			shellScript = "diff \"${PODS_PODFILE_DIR_PATH}/Podfile.lock\" \"${PODS_ROOT}/Manifest.lock\" > /dev/null\nif [ $? != 0 ] ; then\n    # print error to STDERR\n    echo \"error: The sandbox is not in sync with the Podfile.lock. Run 'pod install' or update your CocoaPods installation.\" >&2\n    exit 1\nfi\n# This output is used by Xcode 'outputs' to avoid re-running this script phase.\necho \"SUCCESS\" > \"${SCRIPT_OUTPUT_FILE_0}\"\n";
			showEnvVarsInLog = 0;
		};
/* End PBXShellScriptBuildPhase section */

/* Begin PBXSourcesBuildPhase section */
		D12B05442ACD8FD600182EA3 /* Sources */ = {
			isa = PBXSourcesBuildPhase;
			buildActionMask = 2147483647;
			files = (
				D12B05672ACD93F400182EA3 /* AnimationVC.swift in Sources */,
				D12B054C2ACD8FD600182EA3 /* AppDelegate.swift in Sources */,
				D12B054E2ACD8FD600182EA3 /* SceneDelegate.swift in Sources */,
				D12B05692ACD995C00182EA3 /* UIButtonExt.swift in Sources */,
			);
			runOnlyForDeploymentPostprocessing = 0;
		};
/* End PBXSourcesBuildPhase section */

/* Begin PBXVariantGroup section */
		D12B05512ACD8FD600182EA3 /* Main.storyboard */ = {
			isa = PBXVariantGroup;
			children = (
				D12B05522ACD8FD600182EA3 /* Base */,
			);
			name = Main.storyboard;
			sourceTree = "<group>";
		};
		D12B05562ACD8FD700182EA3 /* LaunchScreen.storyboard */ = {
			isa = PBXVariantGroup;
			children = (
				D12B05572ACD8FD700182EA3 /* Base */,
			);
			name = LaunchScreen.storyboard;
			sourceTree = "<group>";
		};
/* End PBXVariantGroup section */

/* Begin XCBuildConfiguration section */
		D12B055A2ACD8FD700182EA3 /* Debug */ = {
			isa = XCBuildConfiguration;
			buildSettings = {
				ALWAYS_SEARCH_USER_PATHS = NO;
				CLANG_ANALYZER_NONNULL = YES;
				CLANG_ANALYZER_NUMBER_OBJECT_CONVERSION = YES_AGGRESSIVE;
				CLANG_CXX_LANGUAGE_STANDARD = "gnu++20";
				CLANG_ENABLE_MODULES = YES;
				CLANG_ENABLE_OBJC_ARC = YES;
				CLANG_ENABLE_OBJC_WEAK = YES;
				CLANG_WARN_BLOCK_CAPTURE_AUTORELEASING = YES;
				CLANG_WARN_BOOL_CONVERSION = YES;
				CLANG_WARN_COMMA = YES;
				CLANG_WARN_CONSTANT_CONVERSION = YES;
				CLANG_WARN_DEPRECATED_OBJC_IMPLEMENTATIONS = YES;
				CLANG_WARN_DIRECT_OBJC_ISA_USAGE = YES_ERROR;
				CLANG_WARN_DOCUMENTATION_COMMENTS = YES;
				CLANG_WARN_EMPTY_BODY = YES;
				CLANG_WARN_ENUM_CONVERSION = YES;
				CLANG_WARN_INFINITE_RECURSION = YES;
				CLANG_WARN_INT_CONVERSION = YES;
				CLANG_WARN_NON_LITERAL_NULL_CONVERSION = YES;
				CLANG_WARN_OBJC_IMPLICIT_RETAIN_SELF = YES;
				CLANG_WARN_OBJC_LITERAL_CONVERSION = YES;
				CLANG_WARN_OBJC_ROOT_CLASS = YES_ERROR;
				CLANG_WARN_QUOTED_INCLUDE_IN_FRAMEWORK_HEADER = YES;
				CLANG_WARN_RANGE_LOOP_ANALYSIS = YES;
				CLANG_WARN_STRICT_PROTOTYPES = YES;
				CLANG_WARN_SUSPICIOUS_MOVE = YES;
				CLANG_WARN_UNGUARDED_AVAILABILITY = YES_AGGRESSIVE;
				CLANG_WARN_UNREACHABLE_CODE = YES;
				CLANG_WARN__DUPLICATE_METHOD_MATCH = YES;
				COPY_PHASE_STRIP = NO;
				DEBUG_INFORMATION_FORMAT = dwarf;
				ENABLE_STRICT_OBJC_MSGSEND = YES;
				ENABLE_TESTABILITY = YES;
				GCC_C_LANGUAGE_STANDARD = gnu11;
				GCC_DYNAMIC_NO_PIC = NO;
				GCC_NO_COMMON_BLOCKS = YES;
				GCC_OPTIMIZATION_LEVEL = 0;
				GCC_PREPROCESSOR_DEFINITIONS = (
					"DEBUG=1",
					"$(inherited)",
				);
				GCC_WARN_64_TO_32_BIT_CONVERSION = YES;
				GCC_WARN_ABOUT_RETURN_TYPE = YES_ERROR;
				GCC_WARN_UNDECLARED_SELECTOR = YES;
				GCC_WARN_UNINITIALIZED_AUTOS = YES_AGGRESSIVE;
				GCC_WARN_UNUSED_FUNCTION = YES;
				GCC_WARN_UNUSED_VARIABLE = YES;
				IPHONEOS_DEPLOYMENT_TARGET = 16.4;
				MTL_ENABLE_DEBUG_INFO = INCLUDE_SOURCE;
				MTL_FAST_MATH = YES;
				ONLY_ACTIVE_ARCH = YES;
				SDKROOT = iphoneos;
				SWIFT_ACTIVE_COMPILATION_CONDITIONS = DEBUG;
				SWIFT_OPTIMIZATION_LEVEL = "-Onone";
			};
			name = Debug;
		};
		D12B055B2ACD8FD700182EA3 /* Release */ = {
			isa = XCBuildConfiguration;
			buildSettings = {
				ALWAYS_SEARCH_USER_PATHS = NO;
				CLANG_ANALYZER_NONNULL = YES;
				CLANG_ANALYZER_NUMBER_OBJECT_CONVERSION = YES_AGGRESSIVE;
				CLANG_CXX_LANGUAGE_STANDARD = "gnu++20";
				CLANG_ENABLE_MODULES = YES;
				CLANG_ENABLE_OBJC_ARC = YES;
				CLANG_ENABLE_OBJC_WEAK = YES;
				CLANG_WARN_BLOCK_CAPTURE_AUTORELEASING = YES;
				CLANG_WARN_BOOL_CONVERSION = YES;
				CLANG_WARN_COMMA = YES;
				CLANG_WARN_CONSTANT_CONVERSION = YES;
				CLANG_WARN_DEPRECATED_OBJC_IMPLEMENTATIONS = YES;
				CLANG_WARN_DIRECT_OBJC_ISA_USAGE = YES_ERROR;
				CLANG_WARN_DOCUMENTATION_COMMENTS = YES;
				CLANG_WARN_EMPTY_BODY = YES;
				CLANG_WARN_ENUM_CONVERSION = YES;
				CLANG_WARN_INFINITE_RECURSION = YES;
				CLANG_WARN_INT_CONVERSION = YES;
				CLANG_WARN_NON_LITERAL_NULL_CONVERSION = YES;
				CLANG_WARN_OBJC_IMPLICIT_RETAIN_SELF = YES;
				CLANG_WARN_OBJC_LITERAL_CONVERSION = YES;
				CLANG_WARN_OBJC_ROOT_CLASS = YES_ERROR;
				CLANG_WARN_QUOTED_INCLUDE_IN_FRAMEWORK_HEADER = YES;
				CLANG_WARN_RANGE_LOOP_ANALYSIS = YES;
				CLANG_WARN_STRICT_PROTOTYPES = YES;
				CLANG_WARN_SUSPICIOUS_MOVE = YES;
				CLANG_WARN_UNGUARDED_AVAILABILITY = YES_AGGRESSIVE;
				CLANG_WARN_UNREACHABLE_CODE = YES;
				CLANG_WARN__DUPLICATE_METHOD_MATCH = YES;
				COPY_PHASE_STRIP = NO;
				DEBUG_INFORMATION_FORMAT = "dwarf-with-dsym";
				ENABLE_NS_ASSERTIONS = NO;
				ENABLE_STRICT_OBJC_MSGSEND = YES;
				GCC_C_LANGUAGE_STANDARD = gnu11;
				GCC_NO_COMMON_BLOCKS = YES;
				GCC_WARN_64_TO_32_BIT_CONVERSION = YES;
				GCC_WARN_ABOUT_RETURN_TYPE = YES_ERROR;
				GCC_WARN_UNDECLARED_SELECTOR = YES;
				GCC_WARN_UNINITIALIZED_AUTOS = YES_AGGRESSIVE;
				GCC_WARN_UNUSED_FUNCTION = YES;
				GCC_WARN_UNUSED_VARIABLE = YES;
				IPHONEOS_DEPLOYMENT_TARGET = 16.4;
				MTL_ENABLE_DEBUG_INFO = NO;
				MTL_FAST_MATH = YES;
				SDKROOT = iphoneos;
				SWIFT_COMPILATION_MODE = wholemodule;
				SWIFT_OPTIMIZATION_LEVEL = "-O";
				VALIDATE_PRODUCT = YES;
			};
			name = Release;
		};
		D12B055D2ACD8FD700182EA3 /* Debug */ = {
			isa = XCBuildConfiguration;
			baseConfigurationReference = 118316BEE29C3257BBD58C5D /* Pods-AnimationWithCocoaPods.debug.xcconfig */;
			buildSettings = {
				ASSETCATALOG_COMPILER_APPICON_NAME = AppIcon;
				ASSETCATALOG_COMPILER_GLOBAL_ACCENT_COLOR_NAME = AccentColor;
				CODE_SIGN_STYLE = Automatic;
				CURRENT_PROJECT_VERSION = 1;
				DEVELOPMENT_TEAM = 2BFD7M72TY;
				GENERATE_INFOPLIST_FILE = YES;
				INFOPLIST_FILE = AnimationWithCocoaPods/Info.plist;
				INFOPLIST_KEY_UIApplicationSupportsIndirectInputEvents = YES;
				INFOPLIST_KEY_UILaunchStoryboardName = LaunchScreen;
				INFOPLIST_KEY_UIMainStoryboardFile = Main;
				INFOPLIST_KEY_UISupportedInterfaceOrientations = UIInterfaceOrientationPortrait;
				INFOPLIST_KEY_UISupportedInterfaceOrientations_iPad = "UIInterfaceOrientationLandscapeLeft UIInterfaceOrientationLandscapeRight UIInterfaceOrientationPortrait UIInterfaceOrientationPortraitUpsideDown";
				LD_RUNPATH_SEARCH_PATHS = (
					"$(inherited)",
					"@executable_path/Frameworks",
				);
				MARKETING_VERSION = 1.0;
				PRODUCT_BUNDLE_IDENTIFIER = com.yourcompany.AnimationWithCocoaPods;
				PRODUCT_NAME = "$(TARGET_NAME)";
				SUPPORTED_PLATFORMS = "iphoneos iphonesimulator";
				SUPPORTS_MACCATALYST = NO;
				SUPPORTS_MAC_DESIGNED_FOR_IPHONE_IPAD = NO;
				SWIFT_EMIT_LOC_STRINGS = YES;
				SWIFT_VERSION = 5.0;
				TARGETED_DEVICE_FAMILY = 1;
			};
			name = Debug;
		};
		D12B055E2ACD8FD700182EA3 /* Release */ = {
			isa = XCBuildConfiguration;
			baseConfigurationReference = 5E2823B0B0FF694DA099EC4E /* Pods-AnimationWithCocoaPods.release.xcconfig */;
			buildSettings = {
				ASSETCATALOG_COMPILER_APPICON_NAME = AppIcon;
				ASSETCATALOG_COMPILER_GLOBAL_ACCENT_COLOR_NAME = AccentColor;
				CODE_SIGN_STYLE = Automatic;
				CURRENT_PROJECT_VERSION = 1;
				DEVELOPMENT_TEAM = 2BFD7M72TY;
				GENERATE_INFOPLIST_FILE = YES;
				INFOPLIST_FILE = AnimationWithCocoaPods/Info.plist;
				INFOPLIST_KEY_UIApplicationSupportsIndirectInputEvents = YES;
				INFOPLIST_KEY_UILaunchStoryboardName = LaunchScreen;
				INFOPLIST_KEY_UIMainStoryboardFile = Main;
				INFOPLIST_KEY_UISupportedInterfaceOrientations = UIInterfaceOrientationPortrait;
				INFOPLIST_KEY_UISupportedInterfaceOrientations_iPad = "UIInterfaceOrientationLandscapeLeft UIInterfaceOrientationLandscapeRight UIInterfaceOrientationPortrait UIInterfaceOrientationPortraitUpsideDown";
				LD_RUNPATH_SEARCH_PATHS = (
					"$(inherited)",
					"@executable_path/Frameworks",
				);
				MARKETING_VERSION = 1.0;
				PRODUCT_BUNDLE_IDENTIFIER = com.yourcompany.AnimationWithCocoaPods;
				PRODUCT_NAME = "$(TARGET_NAME)";
				SUPPORTED_PLATFORMS = "iphoneos iphonesimulator";
				SUPPORTS_MACCATALYST = NO;
				SUPPORTS_MAC_DESIGNED_FOR_IPHONE_IPAD = NO;
				SWIFT_EMIT_LOC_STRINGS = YES;
				SWIFT_VERSION = 5.0;
				TARGETED_DEVICE_FAMILY = 1;
			};
			name = Release;
		};
/* End XCBuildConfiguration section */

/* Begin XCConfigurationList section */
		D12B05432ACD8FD600182EA3 /* Build configuration list for PBXProject "AnimationWithCocoaPods" */ = {
			isa = XCConfigurationList;
			buildConfigurations = (
				D12B055A2ACD8FD700182EA3 /* Debug */,
				D12B055B2ACD8FD700182EA3 /* Release */,
			);
			defaultConfigurationIsVisible = 0;
			defaultConfigurationName = Release;
		};
		D12B055C2ACD8FD700182EA3 /* Build configuration list for PBXNativeTarget "AnimationWithCocoaPods" */ = {
			isa = XCConfigurationList;
			buildConfigurations = (
				D12B055D2ACD8FD700182EA3 /* Debug */,
				D12B055E2ACD8FD700182EA3 /* Release */,
			);
			defaultConfigurationIsVisible = 0;
			defaultConfigurationName = Release;
		};
/* End XCConfigurationList section */
	};
	rootObject = D12B05402ACD8FD600182EA3 /* Project object */;
}
